// !$*UTF8*$!
{
	archiveVersion = 1;
	classes = {
	};
	objectVersion = 51;
	objects = {

/* Begin PBXBuildFile section */
		720FE33B246B796A00B021C9 /* Assets.xcassets in Resources */ = {isa = PBXBuildFile; fileRef = 720FE32C246B796900B021C9 /* Assets.xcassets */; };
		720FE33C246B796A00B021C9 /* Main.storyboard in Resources */ = {isa = PBXBuildFile; fileRef = 720FE32D246B796900B021C9 /* Main.storyboard */; };
		720FE33D246B796A00B021C9 /* Launch Screen.storyboard in Resources */ = {isa = PBXBuildFile; fileRef = 720FE32F246B796900B021C9 /* Launch Screen.storyboard */; };
		720FE33E246B796A00B021C9 /* TweetCell.swift in Sources */ = {isa = PBXBuildFile; fileRef = 720FE332246B796900B021C9 /* TweetCell.swift */; };
		720FE33F246B796A00B021C9 /* TwitterAPICaller.swift in Sources */ = {isa = PBXBuildFile; fileRef = 720FE334246B796900B021C9 /* TwitterAPICaller.swift */; };
		720FE340246B796A00B021C9 /* TweetViewController.swift in Sources */ = {isa = PBXBuildFile; fileRef = 720FE336246B796900B021C9 /* TweetViewController.swift */; };
		720FE341246B796A00B021C9 /* LoginViewController.swift in Sources */ = {isa = PBXBuildFile; fileRef = 720FE337246B796900B021C9 /* LoginViewController.swift */; };
		720FE342246B796A00B021C9 /* HomeTableViewController.swift in Sources */ = {isa = PBXBuildFile; fileRef = 720FE338246B796900B021C9 /* HomeTableViewController.swift */; };
		720FE343246B796A00B021C9 /* AppDelegate.swift in Sources */ = {isa = PBXBuildFile; fileRef = 720FE339246B796900B021C9 /* AppDelegate.swift */; };
		720FE344246B796A00B021C9 /* ProfileViewController.swift in Sources */ = {isa = PBXBuildFile; fileRef = 720FE33A246B796900B021C9 /* ProfileViewController.swift */; };
		72900E5F246BBF2B0039EF56 /* ApiKeys.plist in Resources */ = {isa = PBXBuildFile; fileRef = 72900E5E246BBF2B0039EF56 /* ApiKeys.plist */; };
		72900E64246BBF590039EF56 /* Key.swift in Sources */ = {isa = PBXBuildFile; fileRef = 72900E63246BBF590039EF56 /* Key.swift */; };
		72900E66246BC2050039EF56 /* Constants.swift in Sources */ = {isa = PBXBuildFile; fileRef = 72900E65246BC2050039EF56 /* Constants.swift */; };
		746BB36359769F24601E4BC6 /* Pods_Tweeter.framework in Frameworks */ = {isa = PBXBuildFile; fileRef = 504D738F71B12F0235307D05 /* Pods_Tweeter.framework */; };
/* End PBXBuildFile section */

/* Begin PBXFileReference section */
		0A3850DDA72AD55852D79078 /* Pods-Tweeter.release.xcconfig */ = {isa = PBXFileReference; includeInIndex = 1; lastKnownFileType = text.xcconfig; name = "Pods-Tweeter.release.xcconfig"; path = "Pods/Target Support Files/Pods-Tweeter/Pods-Tweeter.release.xcconfig"; sourceTree = "<group>"; };
		4CEB8A6500C9DFD9CEF16FBF /* Pods-Twitter.debug.xcconfig */ = {isa = PBXFileReference; includeInIndex = 1; lastKnownFileType = text.xcconfig; name = "Pods-Twitter.debug.xcconfig"; path = "Pods/Target Support Files/Pods-Twitter/Pods-Twitter.debug.xcconfig"; sourceTree = "<group>"; };
		504D738F71B12F0235307D05 /* Pods_Tweeter.framework */ = {isa = PBXFileReference; explicitFileType = wrapper.framework; includeInIndex = 0; path = Pods_Tweeter.framework; sourceTree = BUILT_PRODUCTS_DIR; };
		5E8F439EA66347F709F2121D /* Pods-Tweeter.debug.xcconfig */ = {isa = PBXFileReference; includeInIndex = 1; lastKnownFileType = text.xcconfig; name = "Pods-Tweeter.debug.xcconfig"; path = "Pods/Target Support Files/Pods-Tweeter/Pods-Tweeter.debug.xcconfig"; sourceTree = "<group>"; };
		6EBCF52221DF07FC00451C03 /* Tweeter.app */ = {isa = PBXFileReference; explicitFileType = wrapper.application; includeInIndex = 0; path = Tweeter.app; sourceTree = BUILT_PRODUCTS_DIR; };
		720FE32C246B796900B021C9 /* Assets.xcassets */ = {isa = PBXFileReference; lastKnownFileType = folder.assetcatalog; path = Assets.xcassets; sourceTree = "<group>"; };
		720FE32E246B796900B021C9 /* Base */ = {isa = PBXFileReference; lastKnownFileType = file.storyboard; name = Base; path = Base.lproj/Main.storyboard; sourceTree = "<group>"; };
		720FE32F246B796900B021C9 /* Launch Screen.storyboard */ = {isa = PBXFileReference; fileEncoding = 4; lastKnownFileType = file.storyboard; path = "Launch Screen.storyboard"; sourceTree = "<group>"; };
		720FE332246B796900B021C9 /* TweetCell.swift */ = {isa = PBXFileReference; fileEncoding = 4; lastKnownFileType = sourcecode.swift; path = TweetCell.swift; sourceTree = "<group>"; };
		720FE334246B796900B021C9 /* TwitterAPICaller.swift */ = {isa = PBXFileReference; fileEncoding = 4; lastKnownFileType = sourcecode.swift; path = TwitterAPICaller.swift; sourceTree = "<group>"; };
		720FE336246B796900B021C9 /* TweetViewController.swift */ = {isa = PBXFileReference; fileEncoding = 4; lastKnownFileType = sourcecode.swift; path = TweetViewController.swift; sourceTree = "<group>"; };
		720FE337246B796900B021C9 /* LoginViewController.swift */ = {isa = PBXFileReference; fileEncoding = 4; lastKnownFileType = sourcecode.swift; path = LoginViewController.swift; sourceTree = "<group>"; };
		720FE338246B796900B021C9 /* HomeTableViewController.swift */ = {isa = PBXFileReference; fileEncoding = 4; lastKnownFileType = sourcecode.swift; path = HomeTableViewController.swift; sourceTree = "<group>"; };
		720FE339246B796900B021C9 /* AppDelegate.swift */ = {isa = PBXFileReference; fileEncoding = 4; lastKnownFileType = sourcecode.swift; path = AppDelegate.swift; sourceTree = "<group>"; };
		720FE33A246B796900B021C9 /* ProfileViewController.swift */ = {isa = PBXFileReference; fileEncoding = 4; lastKnownFileType = sourcecode.swift; path = ProfileViewController.swift; sourceTree = "<group>"; };
		72900E5E246BBF2B0039EF56 /* ApiKeys.plist */ = {isa = PBXFileReference; lastKnownFileType = text.plist.xml; path = ApiKeys.plist; sourceTree = "<group>"; };
		72900E63246BBF590039EF56 /* Key.swift */ = {isa = PBXFileReference; lastKnownFileType = sourcecode.swift; path = Key.swift; sourceTree = "<group>"; };
		72900E65246BC2050039EF56 /* Constants.swift */ = {isa = PBXFileReference; lastKnownFileType = sourcecode.swift; path = Constants.swift; sourceTree = "<group>"; };
		72FCA663226FCA9600E32844 /* Info.plist */ = {isa = PBXFileReference; lastKnownFileType = text.plist.xml; name = Info.plist; path = "Tweeter/Supporting Files/Info.plist"; sourceTree = SOURCE_ROOT; };
		872C2D82F41D5A5D2A920E9E /* Pods_Twitter.framework */ = {isa = PBXFileReference; explicitFileType = wrapper.framework; includeInIndex = 0; path = Pods_Twitter.framework; sourceTree = BUILT_PRODUCTS_DIR; };
		C2D685C92646819A9A0DC30C /* Pods-Twitter.release.xcconfig */ = {isa = PBXFileReference; includeInIndex = 1; lastKnownFileType = text.xcconfig; name = "Pods-Twitter.release.xcconfig"; path = "Pods/Target Support Files/Pods-Twitter/Pods-Twitter.release.xcconfig"; sourceTree = "<group>"; };
/* End PBXFileReference section */

/* Begin PBXFrameworksBuildPhase section */
		6EBCF51F21DF07FC00451C03 /* Frameworks */ = {
			isa = PBXFrameworksBuildPhase;
			buildActionMask = 2147483647;
			files = (
				746BB36359769F24601E4BC6 /* Pods_Tweeter.framework in Frameworks */,
			);
			runOnlyForDeploymentPostprocessing = 0;
		};
/* End PBXFrameworksBuildPhase section */

/* Begin PBXGroup section */
		6BFB9ED923EC02A96AB79DEE /* Pods */ = {
			isa = PBXGroup;
			children = (
				4CEB8A6500C9DFD9CEF16FBF /* Pods-Twitter.debug.xcconfig */,
				C2D685C92646819A9A0DC30C /* Pods-Twitter.release.xcconfig */,
				5E8F439EA66347F709F2121D /* Pods-Tweeter.debug.xcconfig */,
				0A3850DDA72AD55852D79078 /* Pods-Tweeter.release.xcconfig */,
			);
			name = Pods;
			sourceTree = "<group>";
		};
		6EBCF51921DF07FC00451C03 = {
			isa = PBXGroup;
			children = (
				6EBCF52421DF07FC00451C03 /* Tweeter */,
				6EBCF52321DF07FC00451C03 /* Products */,
				6BFB9ED923EC02A96AB79DEE /* Pods */,
				BE4E6AE53EB27114CB452298 /* Frameworks */,
			);
			sourceTree = "<group>";
			usesTabs = 0;
		};
		6EBCF52321DF07FC00451C03 /* Products */ = {
			isa = PBXGroup;
			children = (
				6EBCF52221DF07FC00451C03 /* Tweeter.app */,
			);
			name = Products;
			sourceTree = "<group>";
		};
		6EBCF52421DF07FC00451C03 /* Tweeter */ = {
			isa = PBXGroup;
			children = (
				720FE335246B796900B021C9 /* Controller */,
				720FE330246B796900B021C9 /* Model */,
				720FE345246B797F00B021C9 /* Supporting Files */,
				720FE32B246B796900B021C9 /* View */,
			);
			path = Tweeter;
			sourceTree = "<group>";
		};
		720FE32B246B796900B021C9 /* View */ = {
			isa = PBXGroup;
			children = (
				720FE32C246B796900B021C9 /* Assets.xcassets */,
				720FE32D246B796900B021C9 /* Main.storyboard */,
				720FE32F246B796900B021C9 /* Launch Screen.storyboard */,
			);
			path = View;
			sourceTree = "<group>";
		};
		720FE330246B796900B021C9 /* Model */ = {
			isa = PBXGroup;
			children = (
				720FE331246B796900B021C9 /* Cells */,
				720FE333246B796900B021C9 /* API */,
				72900E63246BBF590039EF56 /* Key.swift */,
				72900E65246BC2050039EF56 /* Constants.swift */,
			);
			path = Model;
			sourceTree = "<group>";
		};
		720FE331246B796900B021C9 /* Cells */ = {
			isa = PBXGroup;
			children = (
				720FE332246B796900B021C9 /* TweetCell.swift */,
			);
			path = Cells;
			sourceTree = "<group>";
		};
		720FE333246B796900B021C9 /* API */ = {
			isa = PBXGroup;
			children = (
				720FE334246B796900B021C9 /* TwitterAPICaller.swift */,
			);
			path = API;
			sourceTree = "<group>";
		};
		720FE335246B796900B021C9 /* Controller */ = {
			isa = PBXGroup;
			children = (
				720FE336246B796900B021C9 /* TweetViewController.swift */,
				720FE337246B796900B021C9 /* LoginViewController.swift */,
				720FE338246B796900B021C9 /* HomeTableViewController.swift */,
				720FE339246B796900B021C9 /* AppDelegate.swift */,
				720FE33A246B796900B021C9 /* ProfileViewController.swift */,
			);
			path = Controller;
			sourceTree = "<group>";
		};
		720FE345246B797F00B021C9 /* Supporting Files */ = {
			isa = PBXGroup;
			children = (
				72FCA663226FCA9600E32844 /* Info.plist */,
				72900E5E246BBF2B0039EF56 /* ApiKeys.plist */,
			);
			path = "Supporting Files";
			sourceTree = "<group>";
		};
		BE4E6AE53EB27114CB452298 /* Frameworks */ = {
			isa = PBXGroup;
			children = (
				872C2D82F41D5A5D2A920E9E /* Pods_Twitter.framework */,
				504D738F71B12F0235307D05 /* Pods_Tweeter.framework */,
			);
			name = Frameworks;
			sourceTree = "<group>";
		};
/* End PBXGroup section */

/* Begin PBXNativeTarget section */
		6EBCF52121DF07FC00451C03 /* Tweeter */ = {
			isa = PBXNativeTarget;
			buildConfigurationList = 6EBCF53421DF07FE00451C03 /* Build configuration list for PBXNativeTarget "Tweeter" */;
			buildPhases = (
				A2934386C8F08B152613D9CE /* [CP] Check Pods Manifest.lock */,
				6EBCF51E21DF07FC00451C03 /* Sources */,
				6EBCF51F21DF07FC00451C03 /* Frameworks */,
				6EBCF52021DF07FC00451C03 /* Resources */,
				E8495E3265303371B0528CD7 /* [CP] Embed Pods Frameworks */,
			);
			buildRules = (
			);
			dependencies = (
			);
			name = Tweeter;
			productName = Twitter;
			productReference = 6EBCF52221DF07FC00451C03 /* Tweeter.app */;
			productType = "com.apple.product-type.application";
		};
/* End PBXNativeTarget section */

/* Begin PBXProject section */
		6EBCF51A21DF07FC00451C03 /* Project object */ = {
			isa = PBXProject;
			attributes = {
				LastSwiftUpdateCheck = 1010;
				LastUpgradeCheck = 1010;
				ORGANIZATIONNAME = Dan;
				TargetAttributes = {
					6EBCF52121DF07FC00451C03 = {
						CreatedOnToolsVersion = 10.1;
						LastSwiftMigration = 1020;
					};
				};
			};
			buildConfigurationList = 6EBCF51D21DF07FC00451C03 /* Build configuration list for PBXProject "Tweeter" */;
			compatibilityVersion = "Xcode 9.3";
			developmentRegion = en;
			hasScannedForEncodings = 0;
			knownRegions = (
				en,
				Base,
			);
			mainGroup = 6EBCF51921DF07FC00451C03;
			productRefGroup = 6EBCF52321DF07FC00451C03 /* Products */;
			projectDirPath = "";
			projectRoot = "";
			targets = (
				6EBCF52121DF07FC00451C03 /* Tweeter */,
			);
		};
/* End PBXProject section */

/* Begin PBXResourcesBuildPhase section */
		6EBCF52021DF07FC00451C03 /* Resources */ = {
			isa = PBXResourcesBuildPhase;
			buildActionMask = 2147483647;
			files = (
				720FE33D246B796A00B021C9 /* Launch Screen.storyboard in Resources */,
				72900E5F246BBF2B0039EF56 /* ApiKeys.plist in Resources */,
				720FE33B246B796A00B021C9 /* Assets.xcassets in Resources */,
				720FE33C246B796A00B021C9 /* Main.storyboard in Resources */,
			);
			runOnlyForDeploymentPostprocessing = 0;
		};
/* End PBXResourcesBuildPhase section */

/* Begin PBXShellScriptBuildPhase section */
		A2934386C8F08B152613D9CE /* [CP] Check Pods Manifest.lock */ = {
			isa = PBXShellScriptBuildPhase;
			buildActionMask = 2147483647;
			files = (
			);
			inputPaths = (
				"${PODS_PODFILE_DIR_PATH}/Podfile.lock",
				"${PODS_ROOT}/Manifest.lock",
			);
			name = "[CP] Check Pods Manifest.lock";
			outputPaths = (
				"$(DERIVED_FILE_DIR)/Pods-Tweeter-checkManifestLockResult.txt",
			);
			runOnlyForDeploymentPostprocessing = 0;
			shellPath = /bin/sh;
			shellScript = "diff \"${PODS_PODFILE_DIR_PATH}/Podfile.lock\" \"${PODS_ROOT}/Manifest.lock\" > /dev/null\nif [ $? != 0 ] ; then\n    # print error to STDERR\n    echo \"error: The sandbox is not in sync with the Podfile.lock. Run 'pod install' or update your CocoaPods installation.\" >&2\n    exit 1\nfi\n# This output is used by Xcode 'outputs' to avoid re-running this script phase.\necho \"SUCCESS\" > \"${SCRIPT_OUTPUT_FILE_0}\"\n";
			showEnvVarsInLog = 0;
		};
		E8495E3265303371B0528CD7 /* [CP] Embed Pods Frameworks */ = {
			isa = PBXShellScriptBuildPhase;
			buildActionMask = 2147483647;
			files = (
			);
			inputFileListPaths = (
				"${PODS_ROOT}/Target Support Files/Pods-Tweeter/Pods-Tweeter-frameworks-${CONFIGURATION}-input-files.xcfilelist",
			);
			name = "[CP] Embed Pods Frameworks";
			outputFileListPaths = (
				"${PODS_ROOT}/Target Support Files/Pods-Tweeter/Pods-Tweeter-frameworks-${CONFIGURATION}-output-files.xcfilelist",
			);
			runOnlyForDeploymentPostprocessing = 0;
			shellPath = /bin/sh;
			shellScript = "\"${PODS_ROOT}/Target Support Files/Pods-Tweeter/Pods-Tweeter-frameworks.sh\"\n";
			showEnvVarsInLog = 0;
		};
/* End PBXShellScriptBuildPhase section */

/* Begin PBXSourcesBuildPhase section */
		6EBCF51E21DF07FC00451C03 /* Sources */ = {
			isa = PBXSourcesBuildPhase;
			buildActionMask = 2147483647;
			files = (
				720FE343246B796A00B021C9 /* AppDelegate.swift in Sources */,
				720FE341246B796A00B021C9 /* LoginViewController.swift in Sources */,
				720FE33E246B796A00B021C9 /* TweetCell.swift in Sources */,
				720FE33F246B796A00B021C9 /* TwitterAPICaller.swift in Sources */,
				720FE344246B796A00B021C9 /* ProfileViewController.swift in Sources */,
				72900E64246BBF590039EF56 /* Key.swift in Sources */,
				720FE340246B796A00B021C9 /* TweetViewController.swift in Sources */,
				720FE342246B796A00B021C9 /* HomeTableViewController.swift in Sources */,
				72900E66246BC2050039EF56 /* Constants.swift in Sources */,
			);
			runOnlyForDeploymentPostprocessing = 0;
		};
/* End PBXSourcesBuildPhase section */

/* Begin PBXVariantGroup section */
		720FE32D246B796900B021C9 /* Main.storyboard */ = {
			isa = PBXVariantGroup;
			children = (
				720FE32E246B796900B021C9 /* Base */,
			);
			name = Main.storyboard;
			sourceTree = "<group>";
		};
/* End PBXVariantGroup section */

/* Begin XCBuildConfiguration section */
		6EBCF53221DF07FE00451C03 /* Debug */ = {
			isa = XCBuildConfiguration;
			buildSettings = {
				ALWAYS_SEARCH_USER_PATHS = NO;
				CLANG_ANALYZER_NONNULL = YES;
				CLANG_ANALYZER_NUMBER_OBJECT_CONVERSION = YES_AGGRESSIVE;
				CLANG_CXX_LANGUAGE_STANDARD = "gnu++14";
				CLANG_CXX_LIBRARY = "libc++";
				CLANG_ENABLE_MODULES = YES;
				CLANG_ENABLE_OBJC_ARC = YES;
				CLANG_ENABLE_OBJC_WEAK = YES;
				CLANG_WARN_BLOCK_CAPTURE_AUTORELEASING = YES;
				CLANG_WARN_BOOL_CONVERSION = YES;
				CLANG_WARN_COMMA = YES;
				CLANG_WARN_CONSTANT_CONVERSION = YES;
				CLANG_WARN_DEPRECATED_OBJC_IMPLEMENTATIONS = YES;
				CLANG_WARN_DIRECT_OBJC_ISA_USAGE = YES_ERROR;
				CLANG_WARN_DOCUMENTATION_COMMENTS = YES;
				CLANG_WARN_EMPTY_BODY = YES;
				CLANG_WARN_ENUM_CONVERSION = YES;
				CLANG_WARN_INFINITE_RECURSION = YES;
				CLANG_WARN_INT_CONVERSION = YES;
				CLANG_WARN_NON_LITERAL_NULL_CONVERSION = YES;
				CLANG_WARN_OBJC_IMPLICIT_RETAIN_SELF = YES;
				CLANG_WARN_OBJC_LITERAL_CONVERSION = YES;
				CLANG_WARN_OBJC_ROOT_CLASS = YES_ERROR;
				CLANG_WARN_RANGE_LOOP_ANALYSIS = YES;
				CLANG_WARN_STRICT_PROTOTYPES = YES;
				CLANG_WARN_SUSPICIOUS_MOVE = YES;
				CLANG_WARN_UNGUARDED_AVAILABILITY = YES_AGGRESSIVE;
				CLANG_WARN_UNREACHABLE_CODE = YES;
				CLANG_WARN__DUPLICATE_METHOD_MATCH = YES;
				CODE_SIGN_IDENTITY = "iPhone Developer";
				COPY_PHASE_STRIP = NO;
				DEBUG_INFORMATION_FORMAT = dwarf;
				ENABLE_STRICT_OBJC_MSGSEND = YES;
				ENABLE_TESTABILITY = YES;
				GCC_C_LANGUAGE_STANDARD = gnu11;
				GCC_DYNAMIC_NO_PIC = NO;
				GCC_NO_COMMON_BLOCKS = YES;
				GCC_OPTIMIZATION_LEVEL = 0;
				GCC_PREPROCESSOR_DEFINITIONS = (
					"DEBUG=1",
					"$(inherited)",
				);
				GCC_WARN_64_TO_32_BIT_CONVERSION = YES;
				GCC_WARN_ABOUT_RETURN_TYPE = YES_ERROR;
				GCC_WARN_UNDECLARED_SELECTOR = YES;
				GCC_WARN_UNINITIALIZED_AUTOS = YES_AGGRESSIVE;
				GCC_WARN_UNUSED_FUNCTION = YES;
				GCC_WARN_UNUSED_VARIABLE = YES;
				IPHONEOS_DEPLOYMENT_TARGET = 13.0;
				MTL_ENABLE_DEBUG_INFO = INCLUDE_SOURCE;
				MTL_FAST_MATH = YES;
				ONLY_ACTIVE_ARCH = YES;
				SDKROOT = iphoneos;
				SWIFT_ACTIVE_COMPILATION_CONDITIONS = DEBUG;
				SWIFT_OPTIMIZATION_LEVEL = "-Onone";
			};
			name = Debug;
		};
		6EBCF53321DF07FE00451C03 /* Release */ = {
			isa = XCBuildConfiguration;
			buildSettings = {
				ALWAYS_SEARCH_USER_PATHS = NO;
				CLANG_ANALYZER_NONNULL = YES;
				CLANG_ANALYZER_NUMBER_OBJECT_CONVERSION = YES_AGGRESSIVE;
				CLANG_CXX_LANGUAGE_STANDARD = "gnu++14";
				CLANG_CXX_LIBRARY = "libc++";
				CLANG_ENABLE_MODULES = YES;
				CLANG_ENABLE_OBJC_ARC = YES;
				CLANG_ENABLE_OBJC_WEAK = YES;
				CLANG_WARN_BLOCK_CAPTURE_AUTORELEASING = YES;
				CLANG_WARN_BOOL_CONVERSION = YES;
				CLANG_WARN_COMMA = YES;
				CLANG_WARN_CONSTANT_CONVERSION = YES;
				CLANG_WARN_DEPRECATED_OBJC_IMPLEMENTATIONS = YES;
				CLANG_WARN_DIRECT_OBJC_ISA_USAGE = YES_ERROR;
				CLANG_WARN_DOCUMENTATION_COMMENTS = YES;
				CLANG_WARN_EMPTY_BODY = YES;
				CLANG_WARN_ENUM_CONVERSION = YES;
				CLANG_WARN_INFINITE_RECURSION = YES;
				CLANG_WARN_INT_CONVERSION = YES;
				CLANG_WARN_NON_LITERAL_NULL_CONVERSION = YES;
				CLANG_WARN_OBJC_IMPLICIT_RETAIN_SELF = YES;
				CLANG_WARN_OBJC_LITERAL_CONVERSION = YES;
				CLANG_WARN_OBJC_ROOT_CLASS = YES_ERROR;
				CLANG_WARN_RANGE_LOOP_ANALYSIS = YES;
				CLANG_WARN_STRICT_PROTOTYPES = YES;
				CLANG_WARN_SUSPICIOUS_MOVE = YES;
				CLANG_WARN_UNGUARDED_AVAILABILITY = YES_AGGRESSIVE;
				CLANG_WARN_UNREACHABLE_CODE = YES;
				CLANG_WARN__DUPLICATE_METHOD_MATCH = YES;
				CODE_SIGN_IDENTITY = "iPhone Developer";
				COPY_PHASE_STRIP = NO;
				DEBUG_INFORMATION_FORMAT = "dwarf-with-dsym";
				ENABLE_NS_ASSERTIONS = NO;
				ENABLE_STRICT_OBJC_MSGSEND = YES;
				GCC_C_LANGUAGE_STANDARD = gnu11;
				GCC_NO_COMMON_BLOCKS = YES;
				GCC_WARN_64_TO_32_BIT_CONVERSION = YES;
				GCC_WARN_ABOUT_RETURN_TYPE = YES_ERROR;
				GCC_WARN_UNDECLARED_SELECTOR = YES;
				GCC_WARN_UNINITIALIZED_AUTOS = YES_AGGRESSIVE;
				GCC_WARN_UNUSED_FUNCTION = YES;
				GCC_WARN_UNUSED_VARIABLE = YES;
				IPHONEOS_DEPLOYMENT_TARGET = 13.0;
				MTL_ENABLE_DEBUG_INFO = NO;
				MTL_FAST_MATH = YES;
				SDKROOT = iphoneos;
				SWIFT_COMPILATION_MODE = wholemodule;
				SWIFT_OPTIMIZATION_LEVEL = "-O";
				VALIDATE_PRODUCT = YES;
			};
			name = Release;
		};
		6EBCF53521DF07FE00451C03 /* Debug */ = {
			isa = XCBuildConfiguration;
			baseConfigurationReference = 5E8F439EA66347F709F2121D /* Pods-Tweeter.debug.xcconfig */;
			buildSettings = {
				ASSETCATALOG_COMPILER_APPICON_NAME = AppIcon;
				CODE_SIGN_STYLE = Automatic;
				DEVELOPMENT_TEAM = 8E7FB8SA95;
				INFOPLIST_FILE = "Tweeter/Supporting Files/Info.plist";
				IPHONEOS_DEPLOYMENT_TARGET = 13.0;
				LD_RUNPATH_SEARCH_PATHS = (
					"$(inherited)",
					"@executable_path/Frameworks",
				);
				PRODUCT_BUNDLE_IDENTIFIER = com.yuphilip.Tweeter;
				PRODUCT_NAME = "$(TARGET_NAME)";
				SWIFT_VERSION = 5.0;
				TARGETED_DEVICE_FAMILY = "1,2";
			};
			name = Debug;
		};
		6EBCF53621DF07FE00451C03 /* Release */ = {
			isa = XCBuildConfiguration;
			baseConfigurationReference = 0A3850DDA72AD55852D79078 /* Pods-Tweeter.release.xcconfig */;
			buildSettings = {
				ASSETCATALOG_COMPILER_APPICON_NAME = AppIcon;
				CODE_SIGN_STYLE = Automatic;
				DEVELOPMENT_TEAM = 8E7FB8SA95;
				INFOPLIST_FILE = "Tweeter/Supporting Files/Info.plist";
				IPHONEOS_DEPLOYMENT_TARGET = 13.0;
				LD_RUNPATH_SEARCH_PATHS = (
					"$(inherited)",
					"@executable_path/Frameworks",
				);
				PRODUCT_BUNDLE_IDENTIFIER = com.yuphilip.Tweeter;
				PRODUCT_NAME = "$(TARGET_NAME)";
				SWIFT_VERSION = 5.0;
				TARGETED_DEVICE_FAMILY = "1,2";
			};
			name = Release;
		};
/* End XCBuildConfiguration section */

/* Begin XCConfigurationList section */
		6EBCF51D21DF07FC00451C03 /* Build configuration list for PBXProject "Tweeter" */ = {
			isa = XCConfigurationList;
			buildConfigurations = (
				6EBCF53221DF07FE00451C03 /* Debug */,
				6EBCF53321DF07FE00451C03 /* Release */,
			);
			defaultConfigurationIsVisible = 0;
			defaultConfigurationName = Release;
		};
		6EBCF53421DF07FE00451C03 /* Build configuration list for PBXNativeTarget "Tweeter" */ = {
			isa = XCConfigurationList;
			buildConfigurations = (
				6EBCF53521DF07FE00451C03 /* Debug */,
				6EBCF53621DF07FE00451C03 /* Release */,
			);
			defaultConfigurationIsVisible = 0;
			defaultConfigurationName = Release;
		};
/* End XCConfigurationList section */
	};
	rootObject = 6EBCF51A21DF07FC00451C03 /* Project object */;
}
